
Microsoft Visual Studio Solution File, Format Version 12.00
# Visual Studio 2012
Project("{FAE04EC0-301F-11D3-BF4B-00C04F79EFBC}") = "AndroidAltBeaconLibrary", "AndroidAltBeaconLibrary.csproj", "{794FF0AF-2F19-4627-9697-52DF1375EABD}"
EndProject
Global
	GlobalSection(SolutionConfigurationPlatforms) = preSolution
		Debug|Any CPU = Debug|Any CPU
		Release|Any CPU = Release|Any CPU
	EndGlobalSection
	GlobalSection(ProjectConfigurationPlatforms) = postSolution
		{794FF0AF-2F19-4627-9697-52DF1375EABD}.Debug|Any CPU.ActiveCfg = Debug|Any CPU
		{794FF0AF-2F19-4627-9697-52DF1375EABD}.Debug|Any CPU.Build.0 = Debug|Any CPU
		{794FF0AF-2F19-4627-9697-52DF1375EABD}.Release|Any CPU.ActiveCfg = Release|Any CPU
		{794FF0AF-2F19-4627-9697-52DF1375EABD}.Release|Any CPU.Build.0 = Release|Any CPU
	EndGlobalSection
	GlobalSection(MonoDevelopProperties) = preSolution
		StartupItem = AndroidAltBeaconLibrary.csproj
	EndGlobalSection
EndGlobal
